
Microsoft Visual Studio Solution File, Format Version 12.00
# Visual Studio Version 17
VisualStudioVersion = 17.14.36414.22 d17.14
MinimumVisualStudioVersion = 10.0.40219.1
Project("{FAE04EC0-301F-11D3-BF4B-00C04F79EFBC}") = "RaptorUtils.FluentValidation", "RaptorUtils.FluentValidation.csproj", "{47D07E3B-57E0-7D85-7028-1330D2BB71A9}"
EndProject
Global
	GlobalSection(SolutionConfigurationPlatforms) = preSolution
		Debug|Any CPU = Debug|Any CPU
		Release|Any CPU = Release|Any CPU
	EndGlobalSection
	GlobalSection(ProjectConfigurationPlatforms) = postSolution
		{47D07E3B-57E0-7D85-7028-1330D2BB71A9}.Debug|Any CPU.ActiveCfg = Debug|Any CPU
		{47D07E3B-57E0-7D85-7028-1330D2BB71A9}.Debug|Any CPU.Build.0 = Debug|Any CPU
		{47D07E3B-57E0-7D85-7028-1330D2BB71A9}.Release|Any CPU.ActiveCfg = Release|Any CPU
		{47D07E3B-57E0-7D85-7028-1330D2BB71A9}.Release|Any CPU.Build.0 = Release|Any CPU
	EndGlobalSection
	GlobalSection(SolutionProperties) = preSolution
		HideSolutionNode = FALSE
	EndGlobalSection
	GlobalSection(ExtensibilityGlobals) = postSolution
		SolutionGuid = {7B43E09A-24D5-454F-844B-CE38EBF7C535}
	EndGlobalSection
EndGlobal
